
Microsoft Visual Studio Solution File, Format Version 12.00
# Visual Studio Version 17
VisualStudioVersion = 17.0.31903.59
MinimumVisualStudioVersion = 10.0.40219.1
Project("{2150E333-8FDC-42A3-9474-1A3956D46DE8}") = "src", "src", "{5D5C910E-E373-4A03-B6A1-967E3137D3DE}"
EndProject
Project("{FAE04EC0-301F-11D3-BF4B-00C04F79EFBC}") = "Syslog.Domain", "src\Syslog.Domain\Syslog.Domain.csproj", "{55968A79-846C-44D7-ADB7-56520B871376}"
EndProject
Project("{FAE04EC0-301F-11D3-BF4B-00C04F79EFBC}") = "Syslog.Data", "src\Syslog.Data\Syslog.Data.csproj", "{3B574BC2-C5E5-4858-B367-7834B1CAF151}"
EndProject
Project("{FAE04EC0-301F-11D3-BF4B-00C04F79EFBC}") = "Syslog.Api", "src\Syslog.Api\Syslog.Api.csproj", "{84A4B9B4-8EBF-4CC3-B03D-5F3A47C80EF2}"
EndProject
Global
	GlobalSection(SolutionConfigurationPlatforms) = preSolution
		Debug|Any CPU = Debug|Any CPU
		Release|Any CPU = Release|Any CPU
	EndGlobalSection
	GlobalSection(SolutionProperties) = preSolution
		HideSolutionNode = FALSE
	EndGlobalSection
	GlobalSection(ProjectConfigurationPlatforms) = postSolution
		{55968A79-846C-44D7-ADB7-56520B871376}.Debug|Any CPU.ActiveCfg = Debug|Any CPU
		{55968A79-846C-44D7-ADB7-56520B871376}.Debug|Any CPU.Build.0 = Debug|Any CPU
		{55968A79-846C-44D7-ADB7-56520B871376}.Release|Any CPU.ActiveCfg = Release|Any CPU
		{55968A79-846C-44D7-ADB7-56520B871376}.Release|Any CPU.Build.0 = Release|Any CPU
		{3B574BC2-C5E5-4858-B367-7834B1CAF151}.Debug|Any CPU.ActiveCfg = Debug|Any CPU
		{3B574BC2-C5E5-4858-B367-7834B1CAF151}.Debug|Any CPU.Build.0 = Debug|Any CPU
		{3B574BC2-C5E5-4858-B367-7834B1CAF151}.Release|Any CPU.ActiveCfg = Release|Any CPU
		{3B574BC2-C5E5-4858-B367-7834B1CAF151}.Release|Any CPU.Build.0 = Release|Any CPU
		{84A4B9B4-8EBF-4CC3-B03D-5F3A47C80EF2}.Debug|Any CPU.ActiveCfg = Debug|Any CPU
		{84A4B9B4-8EBF-4CC3-B03D-5F3A47C80EF2}.Debug|Any CPU.Build.0 = Debug|Any CPU
		{84A4B9B4-8EBF-4CC3-B03D-5F3A47C80EF2}.Release|Any CPU.ActiveCfg = Release|Any CPU
		{84A4B9B4-8EBF-4CC3-B03D-5F3A47C80EF2}.Release|Any CPU.Build.0 = Release|Any CPU
	EndGlobalSection
	GlobalSection(NestedProjects) = preSolution
		{55968A79-846C-44D7-ADB7-56520B871376} = {5D5C910E-E373-4A03-B6A1-967E3137D3DE}
		{3B574BC2-C5E5-4858-B367-7834B1CAF151} = {5D5C910E-E373-4A03-B6A1-967E3137D3DE}
		{84A4B9B4-8EBF-4CC3-B03D-5F3A47C80EF2} = {5D5C910E-E373-4A03-B6A1-967E3137D3DE}
	EndGlobalSection
EndGlobal
